{
  "lockfile_version": "1",
  "packages": {
    "curl@8": {
      "last_modified": "2025-06-22T15:15:55Z",
      "resolved": "github:NixOS/nixpkgs/3078b9a9e75f1790e6d6ef9955fdc6a2d1740cc6#curl",
      "source": "devbox-search",
      "version": "8.14.1",
      "systems": {
        "aarch64-darwin": {
          "outputs": [
            {
              "name": "bin",
              "path": "/nix/store/bblr8ccnd4baxm4cf7g1igfz6ya8v93m-curl-8.14.1-bin",
              "default": true
            },
            {
              "name": "man",
              "path": "/nix/store/1irgfwdklya00kh0bs1jp2fbdwqw4a1d-curl-8.14.1-man",
              "default": true
            },
            {
              "name": "out",
              "path": "/nix/store/6l3i3d58xr1r4qv49v1ln8wf309sb15x-curl-8.14.1"
            },
            {
              "name": "dev",
              "path": "/nix/store/lndw3l3wysa47f7lvp1bnli6v7wmg0kn-curl-8.14.1-dev"
            },
            {
              "name": "devdoc",
              "path": "/nix/store/k8q6sgq3sbbrwmvn56a63njpnxf3q9cq-curl-8.14.1-devdoc"
            }
          ],
          "store_path": "/nix/store/bblr8ccnd4baxm4cf7g1igfz6ya8v93m-curl-8.14.1-bin"
        },
        "aarch64-linux": {
          "outputs": [
            {
              "name": "bin",
              "path": "/nix/store/d832wkj3pk16dz3qg85fcpf0j68hc2sz-curl-8.14.1-bin",
              "default": true
            },
            {
              "name": "man",
              "path": "/nix/store/1grssrnbhxd6c4blrj1fxvx5y5vxqib5-curl-8.14.1-man",
              "default": true
            },
            {
              "name": "dev",
              "path": "/nix/store/v11930kwfac9179h4w62vqj9jy6mx376-curl-8.14.1-dev"
            },
            {
              "name": "devdoc",
              "path": "/nix/store/25nv179scwrksi4gpmh943pncrydq29b-curl-8.14.1-devdoc"
            },
            {
              "name": "out",
              "path": "/nix/store/14ywix384x8np6njf8miimc3yyqn78bc-curl-8.14.1"
            },
            {
              "name": "debug",
              "path": "/nix/store/nzk3k15xfprkqcj46n9i85f0k6aqc0wp-curl-8.14.1-debug"
            }
          ],
          "store_path": "/nix/store/d832wkj3pk16dz3qg85fcpf0j68hc2sz-curl-8.14.1-bin"
        },
        "x86_64-darwin": {
          "outputs": [
            {
              "name": "bin",
              "path": "/nix/store/1dsmzm93zn64vgb9s7w9p69vfib3z8kj-curl-8.14.1-bin",
              "default": true
            },
            {
              "name": "man",
              "path": "/nix/store/8qjwrjkkjsvgly8f14jyrkz7ddf4nr2l-curl-8.14.1-man",
              "default": true
            },
            {
              "name": "out",
              "path": "/nix/store/223wn8gbj05wdri7b7vwxr226w54rqlc-curl-8.14.1"
            },
            {
              "name": "dev",
              "path": "/nix/store/ppq8fii35rf5nb6sh4dagp5r82x942xz-curl-8.14.1-dev"
            },
            {
              "name": "devdoc",
              "path": "/nix/store/m2q1qkll2nf1wgl9hawzirridxjh6ylm-curl-8.14.1-devdoc"
            }
          ],
          "store_path": "/nix/store/1dsmzm93zn64vgb9s7w9p69vfib3z8kj-curl-8.14.1-bin"
        },
        "x86_64-linux": {
          "outputs": [
            {
              "name": "bin",
              "path": "/nix/store/wq4mwdypl1wmlhyrr69wggv8jdn2h9j9-curl-8.14.1-bin",
              "default": true
            },
            {
              "name": "man",
              "path": "/nix/store/ihal3azjw383i79xabnpm81dfhgkdh7r-curl-8.14.1-man",
              "default": true
            },
            {
              "name": "dev",
              "path": "/nix/store/wznrhnlrvamvihizpnizjfh5hs55z98n-curl-8.14.1-dev"
            },
            {
              "name": "devdoc",
              "path": "/nix/store/srw4yxmsb1l1k310bn7j0cg77vlrgh5z-curl-8.14.1-devdoc"
            },
            {
              "name": "out",
              "path": "/nix/store/frlckg2m2sf0gs8g5pqkryddbpy6qcz1-curl-8.14.1"
            },
            {
              "name": "debug",
              "path": "/nix/store/mjsh6iphr6bc221g4965s93yv5ibdmbb-curl-8.14.1-debug"
            }
          ],
          "store_path": "/nix/store/wq4mwdypl1wmlhyrr69wggv8jdn2h9j9-curl-8.14.1-bin"
        }
      }
    },
    "dotnet-sdk@8.0.": {
      "last_modified": "2025-06-20T02:24:11Z",
      "resolved": "github:NixOS/nixpkgs/076e8c6678d8c54204BlackDarkb4b1b14c366835a58bb#dotnet-sdk",
      "source": "devbox-search",
      "version": "8.0.411",
      "systems": {
        "aarch64-darwin": {
          "outputs": [
            {
              "name": "out",
              "path": "/nix/store/mdlw0d270j0z67850f4jd68kxc956grv-dotnet-sdk-wrapped-8.0.411",
              "default": true
            }
          ],
          "store_path": "/nix/store/mdlw0d270j0z67850f4jd68kxc956grv-dotnet-sdk-wrapped-8.0.411"
        },
        "aarch64-linux": {
          "outputs": [
            {
              "name": "out",
              "path": "/nix/store/w9rkdx555mvs3aphddlsc1a7jrnfvr8p-dotnet-sdk-wrapped-8.0.411",
              "default": true
            }
          ],
          "store_path": "/nix/store/w9rkdx555mvs3aphddlsc1a7jrnfvr8p-dotnet-sdk-wrapped-8.0.411"
        },
        "x86_64-darwin": {
          "outputs": [
            {
              "name": "out",
              "path": "/nix/store/w6q4l84ly3ipmmi1diw474j3zwiwsj5i-dotnet-sdk-wrapped-8.0.411",
              "default": true
            }
          ],
          "store_path": "/nix/store/w6q4l84ly3ipmmi1diw474j3zwiwsj5i-dotnet-sdk-wrapped-8.0.411"
        },
        "x86_64-linux": {
          "outputs": [
            {
              "name": "out",
              "path": "/nix/store/99kr5izgmmxrphzqdrxi9rzzy5jq5yxs-dotnet-sdk-wrapped-8.0.411",
              "default": true
            }
          ],
          "store_path": "/nix/store/99kr5izgmmxrphzqdrxi9rzzy5jq5yxs-dotnet-sdk-wrapped-8.0.411"
        }
      }
    },
    "github:NixOS/nixpkgs/nixpkgs-unstable": {
      "last_modified": "2025-06-24T02:18:21Z",
      "resolved": "github:NixOS/nixpkgs/69dfebb3d175bde602f612915c5576a41b18486b?lastModified=1750731501&narHash=sha256-Ah4qq%2BSbwMaGkuXCibyg%2BFwn00el4KmI3XFX6htfDuk%3D"
    },
    "go@1.21.": {
      "last_modified": "2024-09-10T15:01:03Z",
      "resolved": "github:NixOS/nixpkgs/5ed627539ac84809c78b2dd6d26a5cebeb5ae269#go_1_21",
      "source": "devbox-search",
      "version": "1.21.13",
      "systems": {
        "aarch64-darwin": {
          "outputs": [
            {
              "name": "out",
              "path": "/nix/store/59bymri4pr8mq5zh678smrf381i3fmy2-go-1.21.13",
              "default": true
            }
          ],
          "store_path": "/nix/store/59bymri4pr8mq5zh678smrf381i3fmy2-go-1.21.13"
        },
        "aarch64-linux": {
          "outputs": [
            {
              "name": "out",
              "path": "/nix/store/7dqbqicx8szqnyzag6l41gwbjmh1xdk0-go-1.21.13",
              "default": true
            }
          ],
          "store_path": "/nix/store/7dqbqicx8szqnyzag6l41gwbjmh1xdk0-go-1.21.13"
        },
        "x86_64-darwin": {
          "outputs": [
            {
              "name": "out",
              "path": "/nix/store/ws9bs446vgwmxchqnpjp9503x420iz75-go-1.21.13",
              "default": true
            }
          ],
          "store_path": "/nix/store/ws9bs446vgwmxchqnpjp9503x420iz75-go-1.21.13"
        },
        "x86_64-linux": {
          "outputs": [
            {
              "name": "out",
              "path": "/nix/store/yij3vkkjv7ghn055v0rqhbjzyh0dy4nq-go-1.21.13",
              "default": true
            }
          ],
          "store_path": "/nix/store/yij3vkkjv7ghn055v0rqhbjzyh0dy4nq-go-1.21.13"
        }
      }
    },
    "gradle_7@7.6": {
      "last_modified": "2025-06-22T15:15:55Z",
      "plugin_version": "0.0.1",
      "resolved": "github:NixOS/nixpkgs/3078b9a9e75f1790e6d6ef9955fdc6a2d1740cc6#gradle_7",
      "source": "devbox-search",
      "version": "7.6.5",
      "systems": {
        "aarch64-darwin": {
          "outputs": [
            {
              "name": "out",
              "path": "/nix/store/iyywp5kifyzj53xkbkag5c1alhdnnkn2-gradle-7.6.5",
              "default": true
            }
          ],
          "store_path": "/nix/store/iyywp5kifyzj53xkbkag5c1alhdnnkn2-gradle-7.6.5"
        },
        "aarch64-linux": {
          "outputs": [
            {
              "name": "out",
              "path": "/nix/store/rfyzv6xlkb6jz1iwv9nbldfd728ixh7c-gradle-7.6.5",
              "default": true
            }
          ],
          "store_path": "/nix/store/rfyzv6xlkb6jz1iwv9nbldfd728ixh7c-gradle-7.6.5"
        },
        "x86_64-darwin": {
          "outputs": [
            {
              "name": "out",
              "path": "/nix/store/jf1247q7xyvgr74c373fqlgydnbzmzgp-gradle-7.6.5",
              "default": true
            }
          ],
          "store_path": "/nix/store/jf1247q7xyvgr74c373fqlgydnbzmzgp-gradle-7.6.5"
        },
        "x86_64-linux": {
          "outputs": [
            {
              "name": "out",
              "path": "/nix/store/h81ckcsvwbgg8l2azb8xh45dsa31ydbc-gradle-7.6.5",
              "default": true
            }
          ],
          "store_path": "/nix/store/h81ckcsvwbgg8l2azb8xh45dsa31ydbc-gradle-7.6.5"
        }
      }
    },
    "nodejs@20.": {
      "last_modified": "2025-06-22T15:15:55Z",
      "plugin_version": "0.0.2",
      "resolved": "github:NixOS/nixpkgs/3078b9a9e75f1790e6d6ef9955fdc6a2d1740cc6#nodejs_20",
      "source": "devbox-search",
      "version": "20.19.2",
      "systems": {
        "aarch64-darwin": {
          "outputs": [
            {
              "name": "out",
              "path": "/nix/store/bk2ccq1nwk72ag45glxzpvzkkh5a83fj-nodejs-20.19.2",
              "default": true
            },
            {
              "name": "dev",
              "path": "/nix/store/5499fyvlwsrhamv1y8kphlb87gn16ja2-nodejs-20.19.2-dev"
            },
            {
              "name": "libv8",
              "path": "/nix/store/yklpxdif067phm9g8dygjgq8s75b4hlp-nodejs-20.19.2-libv8"
            }
          ],
          "store_path": "/nix/store/bk2ccq1nwk72ag45glxzpvzkkh5a83fj-nodejs-20.19.2"
        },
        "aarch64-linux": {
          "outputs": [
            {
              "name": "out",
              "path": "/nix/store/igk19nk1p66v0bf9y2kbp11dwgpnyqh5-nodejs-20.19.2",
              "default": true
            },
            {
              "name": "dev",
              "path": "/nix/store/mw1ws43grcfmbi1rz0r0dlcwmg0hczhf-nodejs-20.19.2-dev"
            },
            {
              "name": "libv8",
              "path": "/nix/store/8smmnly549yz3xxnfa5018i464bq13id-nodejs-20.19.2-libv8"
            }
          ],
          "store_path": "/nix/store/igk19nk1p66v0bf9y2kbp11dwgpnyqh5-nodejs-20.19.2"
        },
        "x86_64-darwin": {
          "outputs": [
            {
              "name": "out",
              "path": "/nix/store/asa518igxqzm6dy6f8yp39gr90wlz316-nodejs-20.19.2",
              "default": true
            },
            {
              "name": "dev",
              "path": "/nix/store/nmmjadkcwl0pn0s3acbav6x2iahhgzdc-nodejs-20.19.2-dev"
            },
            {
              "name": "libv8",
              "path": "/nix/store/c4gwbhgd3mjmm687y1vnmydb67v0capn-nodejs-20.19.2-libv8"
            }
          ],
          "store_path": "/nix/store/asa518igxqzm6dy6f8yp39gr90wlz316-nodejs-20.19.2"
        },
        "x86_64-linux": {
          "outputs": [
            {
              "name": "out",
              "path": "/nix/store/v5m05qvmza8b8922n42mgsisb05zllm3-nodejs-20.19.2",
              "default": true
            },
            {
              "name": "dev",
              "path": "/nix/store/zfkwx3mw9fbgsbj7nmb637ndf3gf8zvr-nodejs-20.19.2-dev"
            },
            {
              "name": "libv8",
              "path": "/nix/store/nsjk4fc9rp6im3c5w7hdrb7krfs0195w-nodejs-20.19.2-libv8"
            }
          ],
          "store_path": "/nix/store/v5m05qvmza8b8922n42mgsisb05zllm3-nodejs-20.19.2"
        }
      }
    },
    "pulumictl@latest": {
      "last_modified": "2025-06-20T02:24:11Z",
      "resolved": "github:NixOS/nixpkgs/076e8c6678d8c54204BlackDarkb4b1b14c366835a58bb#pulumictl",
      "source": "devbox-search",
      "version": "0.0.49",
      "systems": {
        "aarch64-darwin": {
          "outputs": [
            {
              "name": "out",
              "path": "/nix/store/l2awi7fdrpx4m0k3xkf9cvivzsi7r9fg-pulumictl-0.0.49",
              "default": true
            }
          ],
          "store_path": "/nix/store/l2awi7fdrpx4m0k3xkf9cvivzsi7r9fg-pulumictl-0.0.49"
        },
        "aarch64-linux": {
          "outputs": [
            {
              "name": "out",
              "path": "/nix/store/5s12qx49wwsp6sf1gql4j02x65i6kwl3-pulumictl-0.0.49",
              "default": true
            }
          ],
          "store_path": "/nix/store/5s12qx49wwsp6sf1gql4j02x65i6kwl3-pulumictl-0.0.49"
        },
        "x86_64-darwin": {
          "outputs": [
            {
              "name": "out",
              "path": "/nix/store/8z76qk4k7hm0h8j9cq93554fapx48ldz-pulumictl-0.0.49",
              "default": true
            }
          ],
          "store_path": "/nix/store/8z76qk4k7hm0h8j9cq93554fapx48ldz-pulumictl-0.0.49"
        },
        "x86_64-linux": {
          "outputs": [
            {
              "name": "out",
              "path": "/nix/store/m0nwx7vpj57qbsrfg5q5qqknh68jjzzw-pulumictl-0.0.49",
              "default": true
            }
          ],
          "store_path": "/nix/store/m0nwx7vpj57qbsrfg5q5qqknh68jjzzw-pulumictl-0.0.49"
        }
      }
    },
    "python3@3.11.8": {
      "last_modified": "2024-04-02T02:53:36Z",
      "plugin_version": "0.0.4",
      "resolved": "github:NixOS/nixpkgs/080a4a27f206d07724b88da096e27ef63401a504#python3",
      "source": "devbox-search",
      "version": "3.11.8",
      "systems": {
        "aarch64-darwin": {
          "outputs": [
            {
              "name": "out",
              "path": "/nix/store/j0jaqv09421wydqmfawcnwvv2f32q86a-python3-3.11.8",
              "default": true
            }
          ],
          "store_path": "/nix/store/j0jaqv09421wydqmfawcnwvv2f32q86a-python3-3.11.8"
        },
        "aarch64-linux": {
          "outputs": [
            {
              "name": "out",
              "path": "/nix/store/m366grr7iy3d47r7ns0p8ppx5z3ghlv6-python3-3.11.8",
              "default": true
            },
            {
              "name": "debug",
              "path": "/nix/store/5dv2p0bwb5ni510y7mabbcmm8qrrj795-python3-3.11.8-debug"
            }
          ],
          "store_path": "/nix/store/m366grr7iy3d47r7ns0p8ppx5z3ghlv6-python3-3.11.8"
        },
        "x86_64-darwin": {
          "outputs": [
            {
              "name": "out",
              "path": "/nix/store/9qhyp2qkb4s5zi1vahj4bjjjmdin6jnz-python3-3.11.8",
              "default": true
            }
          ],
          "store_path": "/nix/store/9qhyp2qkb4s5zi1vahj4bjjjmdin6jnz-python3-3.11.8"
        },
        "x86_64-linux": {
          "outputs": [
            {
              "name": "out",
              "path": "/nix/store/gd3shnza1i50zn8zs04fa729ribr88m9-python3-3.11.8",
              "default": true
            },
            {
              "name": "debug",
              "path": "/nix/store/imbh85vrmy96yvzwg90l0v5rb70qi3h9-python3-3.11.8-debug"
            }
          ],
          "store_path": "/nix/store/gd3shnza1i50zn8zs04fa729ribr88m9-python3-3.11.8"
        }
      }
    },
    "yarn@latest": {
      "last_modified": "2025-06-20T02:24:11Z",
      "resolved": "github:NixOS/nixpkgs/076e8c6678d8c54204BlackDarkb4b1b14c366835a58bb#yarn",
      "source": "devbox-search",
      "version": "1.22.22",
      "systems": {
        "aarch64-darwin": {
          "outputs": [
            {
              "name": "out",
              "path": "/nix/store/k2b00nykr3pr34xcz4vn4xfhknd59rr2-yarn-1.22.22",
              "default": true
            }
          ],
          "store_path": "/nix/store/k2b00nykr3pr34xcz4vn4xfhknd59rr2-yarn-1.22.22"
        },
        "aarch64-linux": {
          "outputs": [
            {
              "name": "out",
              "path": "/nix/store/z1baspkzkiaj0k3faxwvk130ilbhi9lm-yarn-1.22.22",
              "default": true
            }
          ],
          "store_path": "/nix/store/z1baspkzkiaj0k3faxwvk130ilbhi9lm-yarn-1.22.22"
        },
        "x86_64-darwin": {
          "outputs": [
            {
              "name": "out",
              "path": "/nix/store/crfwdq90h9byj2njzpr610s0gwxhjqwc-yarn-1.22.22",
              "default": true
            }
          ],
          "store_path": "/nix/store/crfwdq90h9byj2njzpr610s0gwxhjqwc-yarn-1.22.22"
        },
        "x86_64-linux": {
          "outputs": [
            {
              "name": "out",
              "path": "/nix/store/fp98fzb6mw6159pbgnwrhpag4w3mc8zq-yarn-1.22.22",
              "default": true
            }
          ],
          "store_path": "/nix/store/fp98fzb6mw6159pbgnwrhpag4w3mc8zq-yarn-1.22.22"
        }
      }
    }
  }
}
