{
  "lockfile_version": "1",
  "packages": {
    "curl@latest": {
      "last_modified": "2025-08-11T23:54:17Z",
      "resolved": "github:NixOS/nixpkgs/5a983011e0f4b3b286aaa73e011ce32b1449a528#curl",
      "source": "devbox-search",
      "version": "8.14.1",
      "systems": {
        "aarch64-darwin": {
          "outputs": [
            {
              "name": "bin",
              "path": "/nix/store/imspxq4rizhk2lpv3a25ngm2lmcc35p4-curl-8.14.1-bin",
              "default": true
            },
            {
              "name": "man",
              "path": "/nix/store/qvxv8a6bhj6b3r3d3zxax8ksk7gx42k0-curl-8.14.1-man",
              "default": true
            },
            {
              "name": "dev",
              "path": "/nix/store/q9m2lbh8v0zqpb8av029ph7zn63gs9jd-curl-8.14.1-dev"
            },
            {
              "name": "devdoc",
              "path": "/nix/store/knz60qb7akg16z3zc4ya4j74nnh4d41z-curl-8.14.1-devdoc"
            },
            {
              "name": "out",
              "path": "/nix/store/8b6q78qwjn07zy4i5pxfbsfq50prgkfp-curl-8.14.1"
            }
          ],
          "store_path": "/nix/store/imspxq4rizhk2lpv3a25ngm2lmcc35p4-curl-8.14.1-bin"
        },
        "aarch64-linux": {
          "outputs": [
            {
              "name": "bin",
              "path": "/nix/store/xjyd8czibdxvwqyh7ybnh300cykzis3g-curl-8.14.1-bin",
              "default": true
            },
            {
              "name": "man",
              "path": "/nix/store/h97kdc67n02xx4ij47gh448knfxrxkyr-curl-8.14.1-man",
              "default": true
            },
            {
              "name": "debug",
              "path": "/nix/store/qls3y5lyqnzgqi19w0vhsg7fsw4p7slw-curl-8.14.1-debug"
            },
            {
              "name": "dev",
              "path": "/nix/store/fzy5wbav5r78alzhsalh4bnp1wdwsd4h-curl-8.14.1-dev"
            },
            {
              "name": "devdoc",
              "path": "/nix/store/j7jilzkvpzg8iz4lhpb0zjnv4gn58n47-curl-8.14.1-devdoc"
            },
            {
              "name": "out",
              "path": "/nix/store/7zlkjxk4n4n2mch4ssblql8855gqnzqv-curl-8.14.1"
            }
          ],
          "store_path": "/nix/store/xjyd8czibdxvwqyh7ybnh300cykzis3g-curl-8.14.1-bin"
        },
        "x86_64-darwin": {
          "outputs": [
            {
              "name": "bin",
              "path": "/nix/store/a2a99s8h5jjfzx8704awj9110kvslzp1-curl-8.14.1-bin",
              "default": true
            },
            {
              "name": "man",
              "path": "/nix/store/yq9vks1sd1q6xk2w18h8mwm679v8c00c-curl-8.14.1-man",
              "default": true
            },
            {
              "name": "dev",
              "path": "/nix/store/688vl41z3mqnfx0r9y4pm3p8hphq5cw8-curl-8.14.1-dev"
            },
            {
              "name": "devdoc",
              "path": "/nix/store/zjrh5iz7a0gg20jxc8hwlcsxijh03n9p-curl-8.14.1-devdoc"
            },
            {
              "name": "out",
              "path": "/nix/store/w5aw4lds1xyg4hi1k5dk43bwhrfw5061-curl-8.14.1"
            }
          ],
          "store_path": "/nix/store/a2a99s8h5jjfzx8704awj9110kvslzp1-curl-8.14.1-bin"
        },
        "x86_64-linux": {
          "outputs": [
            {
              "name": "bin",
              "path": "/nix/store/z1l1b9bdzk6yspdf53z90n2dv311g1r6-curl-8.14.1-bin",
              "default": true
            },
            {
              "name": "man",
              "path": "/nix/store/zv6lnrb8hladdc91y0v4mazi0sxwmzq2-curl-8.14.1-man",
              "default": true
            },
            {
              "name": "devdoc",
              "path": "/nix/store/lrnviaphs4pf2cy3625d0vp94c4pzbpm-curl-8.14.1-devdoc"
            },
            {
              "name": "out",
              "path": "/nix/store/95iy4kvy1xllg2fpb14dhw4m3ff3l0f0-curl-8.14.1"
            },
            {
              "name": "debug",
              "path": "/nix/store/q116b51lfnj36r2cyfhrjad7lr6kydx8-curl-8.14.1-debug"
            },
            {
              "name": "dev",
              "path": "/nix/store/912hlbqiabfk5xy0ajla6z9dwzlwkn87-curl-8.14.1-dev"
            }
          ],
          "store_path": "/nix/store/z1l1b9bdzk6yspdf53z90n2dv311g1r6-curl-8.14.1-bin"
        }
      }
    },
    "dotnet-sdk@8.0.": {
      "last_modified": "2025-08-10T04:38:50Z",
      "resolved": "github:NixOS/nixpkgs/641d909c4a7538f1539da9240dedb1755c907e40#dotnet-sdk",
      "source": "devbox-search",
      "version": "8.0.413",
      "systems": {
        "aarch64-darwin": {
          "outputs": [
            {
              "name": "out",
              "path": "/nix/store/zv4g7x2hw15qdq1i5gy21j5h37hgjpxy-dotnet-sdk-wrapped-8.0.413",
              "default": true
            }
          ],
          "store_path": "/nix/store/zv4g7x2hw15qdq1i5gy21j5h37hgjpxy-dotnet-sdk-wrapped-8.0.413"
        },
        "aarch64-linux": {
          "outputs": [
            {
              "name": "out",
              "path": "/nix/store/c88hhi68g5l3q4s6n02z28l4an2gar0b-dotnet-sdk-wrapped-8.0.413",
              "default": true
            }
          ],
          "store_path": "/nix/store/c88hhi68g5l3q4s6n02z28l4an2gar0b-dotnet-sdk-wrapped-8.0.413"
        },
        "x86_64-darwin": {
          "outputs": [
            {
              "name": "out",
              "path": "/nix/store/rnmb0pzv4cvff0v1pm7ff2w6xklry4rm-dotnet-sdk-wrapped-8.0.413",
              "default": true
            }
          ],
          "store_path": "/nix/store/rnmb0pzv4cvff0v1pm7ff2w6xklry4rm-dotnet-sdk-wrapped-8.0.413"
        },
        "x86_64-linux": {
          "outputs": [
            {
              "name": "out",
              "path": "/nix/store/g7gwwffr0v6m1wlg8faxy81k4cckm3hl-dotnet-sdk-wrapped-8.0.413",
              "default": true
            }
          ],
          "store_path": "/nix/store/g7gwwffr0v6m1wlg8faxy81k4cckm3hl-dotnet-sdk-wrapped-8.0.413"
        }
      }
    },
    "github:NixOS/nixpkgs/nixpkgs-unstable": {
      "last_modified": "2025-09-05T01:14:44Z",
      "resolved": "github:NixOS/nixpkgs/ca77296380960cd497a765102eeb1356eb80fed0?lastModified=1757034884&narHash=sha256-PgLSZDBEWUHpfTRfFyklmiiLBE1i1aGCtz4eRA3POao%3D"
    },
    "go@1.22.": {
      "last_modified": "2025-03-11T17:52:14Z",
      "resolved": "github:NixOS/nixpkgs/0d534853a55b5d02a4ababa1d71921ce8f0aee4c#go_1_22",
      "source": "devbox-search",
      "version": "1.22.12",
      "systems": {
        "aarch64-darwin": {
          "outputs": [
            {
              "name": "out",
              "path": "/nix/store/22cdyq96qa185whfsqq29bc226z0rjn9-go-1.22.12",
              "default": true
            }
          ],
          "store_path": "/nix/store/22cdyq96qa185whfsqq29bc226z0rjn9-go-1.22.12"
        },
        "aarch64-linux": {
          "outputs": [
            {
              "name": "out",
              "path": "/nix/store/55xfvgfsmr0m0p412vr8hiq4s3vi3hkn-go-1.22.12",
              "default": true
            }
          ],
          "store_path": "/nix/store/55xfvgfsmr0m0p412vr8hiq4s3vi3hkn-go-1.22.12"
        },
        "x86_64-darwin": {
          "outputs": [
            {
              "name": "out",
              "path": "/nix/store/3jmnyd8qzjwaibgwpy40izllr8fxjz4q-go-1.22.12",
              "default": true
            }
          ],
          "store_path": "/nix/store/3jmnyd8qzjwaibgwpy40izllr8fxjz4q-go-1.22.12"
        },
        "x86_64-linux": {
          "outputs": [
            {
              "name": "out",
              "path": "/nix/store/mdw3nfcaxld4g00rmcfa4rs2ywm17fdq-go-1.22.12",
              "default": true
            }
          ],
          "store_path": "/nix/store/mdw3nfcaxld4g00rmcfa4rs2ywm17fdq-go-1.22.12"
        }
      }
    },
    "golangci-lint@latest": {
      "last_modified": "2025-08-03T19:18:05Z",
      "resolved": "github:NixOS/nixpkgs/bf9fa86a9b1005d932f842edf2c38eeecc98eef3#golangci-lint",
      "source": "devbox-search",
      "version": "2.3.1",
      "systems": {
        "aarch64-darwin": {
          "outputs": [
            {
              "name": "out",
              "path": "/nix/store/ahn380skfkdg3ynimjpqakc1wp26mpsi-golangci-lint-2.3.1",
              "default": true
            }
          ],
          "store_path": "/nix/store/ahn380skfkdg3ynimjpqakc1wp26mpsi-golangci-lint-2.3.1"
        },
        "aarch64-linux": {
          "outputs": [
            {
              "name": "out",
              "path": "/nix/store/5wf61l5pnqlna9mwllllq334rkh1i2a6-golangci-lint-2.3.1",
              "default": true
            }
          ],
          "store_path": "/nix/store/5wf61l5pnqlna9mwllllq334rkh1i2a6-golangci-lint-2.3.1"
        },
        "x86_64-darwin": {
          "outputs": [
            {
              "name": "out",
              "path": "/nix/store/sbqfd50kb6g4gka3w1vixjrnacspdwq5-golangci-lint-2.3.1",
              "default": true
            }
          ],
          "store_path": "/nix/store/sbqfd50kb6g4gka3w1vixjrnacspdwq5-golangci-lint-2.3.1"
        },
        "x86_64-linux": {
          "outputs": [
            {
              "name": "out",
              "path": "/nix/store/kxbsvkixvkn0ss81rbc1g814sizd1jwj-golangci-lint-2.3.1",
              "default": true
            }
          ],
          "store_path": "/nix/store/kxbsvkixvkn0ss81rbc1g814sizd1jwj-golangci-lint-2.3.1"
        }
      }
    },
    "goreleaser@latest": {
      "last_modified": "2025-08-03T19:18:05Z",
      "resolved": "github:NixOS/nixpkgs/bf9fa86a9b1005d932f842edf2c38eeecc98eef3#goreleaser",
      "source": "devbox-search",
      "version": "2.11.2",
      "systems": {
        "aarch64-darwin": {
          "outputs": [
            {
              "name": "out",
              "path": "/nix/store/yk0c3ia7zypsk0zgj29xr2cwmmaf2f0n-goreleaser-2.11.2",
              "default": true
            }
          ],
          "store_path": "/nix/store/yk0c3ia7zypsk0zgj29xr2cwmmaf2f0n-goreleaser-2.11.2"
        },
        "aarch64-linux": {
          "outputs": [
            {
              "name": "out",
              "path": "/nix/store/sxp47kbznsq8984y97d926x020q5bfw8-goreleaser-2.11.2",
              "default": true
            }
          ],
          "store_path": "/nix/store/sxp47kbznsq8984y97d926x020q5bfw8-goreleaser-2.11.2"
        },
        "x86_64-darwin": {
          "outputs": [
            {
              "name": "out",
              "path": "/nix/store/yfzpp7a0yh0i79dh28nd15mfry2r1z5n-goreleaser-2.11.2",
              "default": true
            }
          ],
          "store_path": "/nix/store/yfzpp7a0yh0i79dh28nd15mfry2r1z5n-goreleaser-2.11.2"
        },
        "x86_64-linux": {
          "outputs": [
            {
              "name": "out",
              "path": "/nix/store/43bcvl4gr5q8j34gvy0px31y2p6d9kcq-goreleaser-2.11.2",
              "default": true
            }
          ],
          "store_path": "/nix/store/43bcvl4gr5q8j34gvy0px31y2p6d9kcq-goreleaser-2.11.2"
        }
      }
    },
    "gradle_7@7.6": {
      "last_modified": "2025-07-28T17:09:23Z",
      "plugin_version": "0.0.1",
      "resolved": "github:NixOS/nixpkgs/648f70160c03151bc2121d179291337ad6bc564b#gradle_7",
      "source": "devbox-search",
      "version": "7.6.6",
      "systems": {
        "aarch64-darwin": {
          "outputs": [
            {
              "name": "out",
              "path": "/nix/store/9w3gbza9v89150pfqbizv3f63hpxh6lm-gradle-7.6.6",
              "default": true
            }
          ],
          "store_path": "/nix/store/9w3gbza9v89150pfqbizv3f63hpxh6lm-gradle-7.6.6"
        },
        "aarch64-linux": {
          "outputs": [
            {
              "name": "out",
              "path": "/nix/store/la3w9a2kw0im8nmv7wvsghnfpmlzkqk0-gradle-7.6.6",
              "default": true
            }
          ],
          "store_path": "/nix/store/la3w9a2kw0im8nmv7wvsghnfpmlzkqk0-gradle-7.6.6"
        },
        "x86_64-darwin": {
          "outputs": [
            {
              "name": "out",
              "path": "/nix/store/0c51dg1fkm2x55ssmib3z20m5qwsmmj9-gradle-7.6.6",
              "default": true
            }
          ],
          "store_path": "/nix/store/0c51dg1fkm2x55ssmib3z20m5qwsmmj9-gradle-7.6.6"
        },
        "x86_64-linux": {
          "outputs": [
            {
              "name": "out",
              "path": "/nix/store/81w64ddj1wi5dhccpixfgdskpbamf1mr-gradle-7.6.6",
              "default": true
            }
          ],
          "store_path": "/nix/store/81w64ddj1wi5dhccpixfgdskpbamf1mr-gradle-7.6.6"
        }
      }
    },
    "nodejs@24.": {
      "last_modified": "2025-08-12T09:17:37Z",
      "plugin_version": "0.0.2",
      "resolved": "github:NixOS/nixpkgs/372d9eeeafa5b15913201e2b92e8e539ac7c64d1#nodejs_24",
      "source": "devbox-search",
      "version": "24.5.0",
      "systems": {
        "aarch64-darwin": {
          "outputs": [
            {
              "name": "out",
              "path": "/nix/store/b1j05q96hwagn787p2jlgqcjg2nf5x49-nodejs-24.5.0",
              "default": true
            },
            {
              "name": "dev",
              "path": "/nix/store/j6ayg4xpqy9xdxgrhpqylzq8v7v07c6r-nodejs-24.5.0-dev"
            },
            {
              "name": "libv8",
              "path": "/nix/store/3ys6v5s5gvd9snwnl4saynl6av7mz3vy-nodejs-24.5.0-libv8"
            }
          ],
          "store_path": "/nix/store/b1j05q96hwagn787p2jlgqcjg2nf5x49-nodejs-24.5.0"
        },
        "aarch64-linux": {
          "outputs": [
            {
              "name": "out",
              "path": "/nix/store/1kn0vh4gf3a22arldrw694apq3fhgp15-nodejs-24.5.0",
              "default": true
            },
            {
              "name": "dev",
              "path": "/nix/store/i3lqaj3j6znhnzh8ayka6q85r81ppxnw-nodejs-24.5.0-dev"
            },
            {
              "name": "libv8",
              "path": "/nix/store/jjw6xgmg6qynp336g9igqnzlfbhzxr2i-nodejs-24.5.0-libv8"
            }
          ],
          "store_path": "/nix/store/1kn0vh4gf3a22arldrw694apq3fhgp15-nodejs-24.5.0"
        },
        "x86_64-darwin": {
          "outputs": [
            {
              "name": "out",
              "path": "/nix/store/sbcg21wp4bdzyh2542v77sp535kvfbfq-nodejs-24.5.0",
              "default": true
            },
            {
              "name": "libv8",
              "path": "/nix/store/75b7iix0pbmxmfnmv90l3q0ll1gc75az-nodejs-24.5.0-libv8"
            },
            {
              "name": "dev",
              "path": "/nix/store/fg7pi9s6m0spci1pfqbny0kxmk832i3r-nodejs-24.5.0-dev"
            }
          ],
          "store_path": "/nix/store/sbcg21wp4bdzyh2542v77sp535kvfbfq-nodejs-24.5.0"
        },
        "x86_64-linux": {
          "outputs": [
            {
              "name": "out",
              "path": "/nix/store/357id3rjy9417k4dkvxxmpgd9bxrwc7l-nodejs-24.5.0",
              "default": true
            },
            {
              "name": "dev",
              "path": "/nix/store/0drh8jjq84sji6889l2k3ysmvy7sc9sg-nodejs-24.5.0-dev"
            },
            {
              "name": "libv8",
              "path": "/nix/store/kdlv4q7sgap0z43cylklhxz1g1q7751b-nodejs-24.5.0-libv8"
            }
          ],
          "store_path": "/nix/store/357id3rjy9417k4dkvxxmpgd9bxrwc7l-nodejs-24.5.0"
        }
      }
    },
    "pulumictl@latest": {
      "last_modified": "2025-08-01T06:30:45Z",
      "resolved": "github:NixOS/nixpkgs/a7822a17050fedda63794775b9090880c8214290#pulumictl",
      "source": "devbox-search",
      "version": "0.0.50",
      "systems": {
        "aarch64-darwin": {
          "outputs": [
            {
              "name": "out",
              "path": "/nix/store/d1x2ymsn1x1zw1jc2x2d10mi12ixfcc3-pulumictl-0.0.50",
              "default": true
            }
          ],
          "store_path": "/nix/store/d1x2ymsn1x1zw1jc2x2d10mi12ixfcc3-pulumictl-0.0.50"
        },
        "aarch64-linux": {
          "outputs": [
            {
              "name": "out",
              "path": "/nix/store/c57qgkp5v4c0c99nvs0xjd7q8s4q5b58-pulumictl-0.0.50",
              "default": true
            }
          ],
          "store_path": "/nix/store/c57qgkp5v4c0c99nvs0xjd7q8s4q5b58-pulumictl-0.0.50"
        },
        "x86_64-darwin": {
          "outputs": [
            {
              "name": "out",
              "path": "/nix/store/zfgzdlhsq6gfp7ag7cpsd33y0mk5skp2-pulumictl-0.0.50",
              "default": true
            }
          ],
          "store_path": "/nix/store/zfgzdlhsq6gfp7ag7cpsd33y0mk5skp2-pulumictl-0.0.50"
        },
        "x86_64-linux": {
          "outputs": [
            {
              "name": "out",
              "path": "/nix/store/0amxsn9kd3vm7clyyhl7pc28mbh69vmj-pulumictl-0.0.50",
              "default": true
            }
          ],
          "store_path": "/nix/store/0amxsn9kd3vm7clyyhl7pc28mbh69vmj-pulumictl-0.0.50"
        }
      }
    },
    "python3@3.11.8": {
      "last_modified": "2024-04-02T02:53:36Z",
      "plugin_version": "0.0.4",
      "resolved": "github:NixOS/nixpkgs/080a4a27f206d07724b88da096e27ef63401a504#python3",
      "source": "devbox-search",
      "version": "3.11.8",
      "systems": {
        "aarch64-darwin": {
          "outputs": [
            {
              "name": "out",
              "path": "/nix/store/j0jaqv09421wydqmfawcnwvv2f32q86a-python3-3.11.8",
              "default": true
            }
          ],
          "store_path": "/nix/store/j0jaqv09421wydqmfawcnwvv2f32q86a-python3-3.11.8"
        },
        "aarch64-linux": {
          "outputs": [
            {
              "name": "out",
              "path": "/nix/store/m366grr7iy3d47r7ns0p8ppx5z3ghlv6-python3-3.11.8",
              "default": true
            },
            {
              "name": "debug",
              "path": "/nix/store/5dv2p0bwb5ni510y7mabbcmm8qrrj795-python3-3.11.8-debug"
            }
          ],
          "store_path": "/nix/store/m366grr7iy3d47r7ns0p8ppx5z3ghlv6-python3-3.11.8"
        },
        "x86_64-darwin": {
          "outputs": [
            {
              "name": "out",
              "path": "/nix/store/9qhyp2qkb4s5zi1vahj4bjjjmdin6jnz-python3-3.11.8",
              "default": true
            }
          ],
          "store_path": "/nix/store/9qhyp2qkb4s5zi1vahj4bjjjmdin6jnz-python3-3.11.8"
        },
        "x86_64-linux": {
          "outputs": [
            {
              "name": "out",
              "path": "/nix/store/gd3shnza1i50zn8zs04fa729ribr88m9-python3-3.11.8",
              "default": true
            },
            {
              "name": "debug",
              "path": "/nix/store/imbh85vrmy96yvzwg90l0v5rb70qi3h9-python3-3.11.8-debug"
            }
          ],
          "store_path": "/nix/store/gd3shnza1i50zn8zs04fa729ribr88m9-python3-3.11.8"
        }
      }
    },
    "yarn@latest": {
      "last_modified": "2025-07-28T17:09:23Z",
      "resolved": "github:NixOS/nixpkgs/648f70160c03151bc2121d179291337ad6bc564b#yarn",
      "source": "devbox-search",
      "version": "1.22.22",
      "systems": {
        "aarch64-darwin": {
          "outputs": [
            {
              "name": "out",
              "path": "/nix/store/2hb4yl033wym7imkbzydgxfyfn5r8024-yarn-1.22.22",
              "default": true
            }
          ],
          "store_path": "/nix/store/2hb4yl033wym7imkbzydgxfyfn5r8024-yarn-1.22.22"
        },
        "aarch64-linux": {
          "outputs": [
            {
              "name": "out",
              "path": "/nix/store/7ibx5w03lkpfrab4isvndqxnx4g3w0h6-yarn-1.22.22",
              "default": true
            }
          ],
          "store_path": "/nix/store/7ibx5w03lkpfrab4isvndqxnx4g3w0h6-yarn-1.22.22"
        },
        "x86_64-darwin": {
          "outputs": [
            {
              "name": "out",
              "path": "/nix/store/0khfcbpw9vhq2lz9nf6mgnsz2fw365x7-yarn-1.22.22",
              "default": true
            }
          ],
          "store_path": "/nix/store/0khfcbpw9vhq2lz9nf6mgnsz2fw365x7-yarn-1.22.22"
        },
        "x86_64-linux": {
          "outputs": [
            {
              "name": "out",
              "path": "/nix/store/99i6m5dmg2q0g44b0gpmwz92g00wk7ma-yarn-1.22.22",
              "default": true
            }
          ],
          "store_path": "/nix/store/99i6m5dmg2q0g44b0gpmwz92g00wk7ma-yarn-1.22.22"
        }
      }
    }
  }
}
